
Microsoft Visual Studio Solution File, Format Version 12.00
# Visual Studio Version 16
VisualStudioVersion = 16.0.29613.14
MinimumVisualStudioVersion = 10.0.40219.1
Project("{FAE04EC0-301F-11D3-BF4B-00C04F79EFBC}") = "kalkulacka test", "kalkulacka test\kalkulacka test.csproj", "{3FC7759F-9075-496D-BA8E-570AC843FE15}"
EndProject
Global
	GlobalSection(SolutionConfigurationPlatforms) = preSolution
		Debug|Any CPU = Debug|Any CPU
		Release|Any CPU = Release|Any CPU
	EndGlobalSection
	GlobalSection(ProjectConfigurationPlatforms) = postSolution
		{3FC7759F-9075-496D-BA8E-570AC843FE15}.Debug|Any CPU.ActiveCfg = Debug|Any CPU
		{3FC7759F-9075-496D-BA8E-570AC843FE15}.Debug|Any CPU.Build.0 = Debug|Any CPU
		{3FC7759F-9075-496D-BA8E-570AC843FE15}.Release|Any CPU.ActiveCfg = Release|Any CPU
		{3FC7759F-9075-496D-BA8E-570AC843FE15}.Release|Any CPU.Build.0 = Release|Any CPU
	EndGlobalSection
	GlobalSection(SolutionProperties) = preSolution
		HideSolutionNode = FALSE
	EndGlobalSection
	GlobalSection(ExtensibilityGlobals) = postSolution
		SolutionGuid = {A6A6B3AB-F562-4200-AAE6-724AAE387FA5}
	EndGlobalSection
EndGlobal
